<?xml version="1.0" encoding="utf-8"?>
<Project ToolsVersion="4.0" xmlns="http://schemas.microsoft.com/developer/msbuild/2003">
  <ItemGroup>
    <Filter Include="Source Files">
      <UniqueIdentifier>{4FC737F1-C7A5-4376-A066-2A32D752A2FF}</UniqueIdentifier>
      <Extensions>cpp;c;cc;cxx;def;odl;idl;hpj;bat;asm;asmx</Extensions>
    </Filter>
    <Filter Include="Header Files">
      <UniqueIdentifier>{93995380-89BD-4b04-88EB-625FBE52EBFB}</UniqueIdentifier>
      <Extensions>h;hh;hpp;hxx;hm;inl;inc;xsd</Extensions>
    </Filter>
    <Filter Include="Resource Files">
      <UniqueIdentifier>{67DA6AB6-F800-4c08-8B7A-83BB121AAD01}</UniqueIdentifier>
      <Extensions>rc;ico;cur;bmp;dlg;rc2;rct;bin;rgs;gif;jpg;jpeg;jpe;resx;tiff;tif;png;wav;mfcribbon-ms</Extensions>
    </Filter>
    <Filter Include="Source Files\shaders">
      <UniqueIdentifier>{36f2efef-40e1-4ad1-9225-eb8d45380403}</UniqueIdentifier>
    </Filter>
  </ItemGroup>
  <ItemGroup>
    <None Include="packages.config" />
    <None Include="..\..\..\..\..\..\..\Program Files\OpenMesh 4.1\OpenMeshCore.dll">
      <Filter>Resource Files</Filter>
    </None>
    <None Include="shaders\PhongShader.frag">
      <Filter>Source Files\shaders</Filter>
    </None>
    <None Include="shaders\PhongShader.vert">
      <Filter>Source Files\shaders</Filter>
    </None>
    <None Include="shaders\SimpleShader.frag">
      <Filter>Source Files\shaders</Filter>
    </None>
    <None Include="shaders\SimpleShader.vert">
      <Filter>Source Files\shaders</Filter>
    </None>
    <None Include="shaders\ColorShader.frag">
      <Filter>Source Files\shaders</Filter>
    </None>
    <None Include="shaders\ColorShader.vert">
      <Filter>Source Files\shaders</Filter>
    </None>
    <None Include="shaders\GouraudShader.frag">
      <Filter>Source Files\shaders</Filter>
    </None>
    <None Include="shaders\GouraudShader.vert">
      <Filter>Source Files\shaders</Filter>
    </None>
  </ItemGroup>
  <ItemGroup>
    <ClCompile Include="Model.cpp">
      <Filter>Source Files</Filter>
    </ClCompile>
    <ClCompile Include="ShaderIO.cpp">
      <Filter>Source Files</Filter>
    </ClCompile>
    <ClCompile Include="ex2.cpp">
      <Filter>Source Files</Filter>
    </ClCompile>
    <ClCompile Include="bimage.cpp">
      <Filter>Source Files</Filter>
    </ClCompile>
  </ItemGroup>
  <ItemGroup>
    <ClInclude Include="Model.h">
      <Filter>Source Files</Filter>
    </ClInclude>
    <ClInclude Include="ShaderIO.h">
      <Filter>Source Files</Filter>
    </ClInclude>
    <ClInclude Include="ex2.h">
      <Filter>Source Files</Filter>
    </ClInclude>
    <ClInclude Include="bimage.h">
      <Filter>Source Files</Filter>
    </ClInclude>
  </ItemGroup>
</Project>